
Microsoft Visual Studio Solution File, Format Version 12.00
# Visual Studio Version 17
VisualStudioVersion = 17.14.37516.0 d17.14
MinimumVisualStudioVersion = 10.0.40219.1
Project("{FAE04EC0-301F-11D3-BF4B-00C04F79EFBC}") = "WayCoder", "WayCoder.csproj", "{62539C3F-6C1B-0DEB-617E-7BEA3826A347}"
EndProject
Global
	GlobalSection(SolutionConfigurationPlatforms) = preSolution
		Debug|Any CPU = Debug|Any CPU
		Release|Any CPU = Release|Any CPU
	EndGlobalSection
	GlobalSection(ProjectConfigurationPlatforms) = postSolution
		{62539C3F-6C1B-0DEB-617E-7BEA3826A347}.Debug|Any CPU.ActiveCfg = Debug|Any CPU
		{62539C3F-6C1B-0DEB-617E-7BEA3826A347}.Debug|Any CPU.Build.0 = Debug|Any CPU
		{62539C3F-6C1B-0DEB-617E-7BEA3826A347}.Release|Any CPU.ActiveCfg = Release|Any CPU
		{62539C3F-6C1B-0DEB-617E-7BEA3826A347}.Release|Any CPU.Build.0 = Release|Any CPU
	EndGlobalSection
	GlobalSection(SolutionProperties) = preSolution
		HideSolutionNode = FALSE
	EndGlobalSection
	GlobalSection(ExtensibilityGlobals) = postSolution
		SolutionGuid = {74736038-8171-47E8-9B57-B9321E723714}
	EndGlobalSection
EndGlobal
